
Microsoft Visual Studio Solution File, Format Version 12.00
# Visual Studio 14
VisualStudioVersion = 14.0.25123.0
MinimumVisualStudioVersion = 10.0.40219.1
Project("{2150E333-8FDC-42A3-9474-1A3956D46DE8}") = "Lessons", "Lessons", "{F55CCC39-19AE-4CFA-8850-806A360385C7}"
EndProject
Project("{2150E333-8FDC-42A3-9474-1A3956D46DE8}") = "Tests", "Tests", "{73E0327C-CCAA-48B1-A1EC-0BD72F2486E1}"
EndProject
Project("{FAE04EC0-301F-11D3-BF4B-00C04F79EFBC}") = "FlyWeightPatternLesson", "FlyWeightPatternLesson\FlyWeightPatternLesson.csproj", "{4068CEF5-DAD7-43E0-B714-B4A8EF2FD775}"
EndProject
Project("{FAE04EC0-301F-11D3-BF4B-00C04F79EFBC}") = "FlyWeightPatternTests", "FlyWeightPatternTests\FlyWeightPatternTests.csproj", "{81784E60-A371-4E53-BD19-B89A4AD8B941}"
EndProject
Global
	GlobalSection(SolutionConfigurationPlatforms) = preSolution
		Debug|Any CPU = Debug|Any CPU
		Release|Any CPU = Release|Any CPU
	EndGlobalSection
	GlobalSection(ProjectConfigurationPlatforms) = postSolution
		{4068CEF5-DAD7-43E0-B714-B4A8EF2FD775}.Debug|Any CPU.ActiveCfg = Debug|Any CPU
		{4068CEF5-DAD7-43E0-B714-B4A8EF2FD775}.Debug|Any CPU.Build.0 = Debug|Any CPU
		{4068CEF5-DAD7-43E0-B714-B4A8EF2FD775}.Release|Any CPU.ActiveCfg = Release|Any CPU
		{4068CEF5-DAD7-43E0-B714-B4A8EF2FD775}.Release|Any CPU.Build.0 = Release|Any CPU
		{81784E60-A371-4E53-BD19-B89A4AD8B941}.Debug|Any CPU.ActiveCfg = Debug|Any CPU
		{81784E60-A371-4E53-BD19-B89A4AD8B941}.Debug|Any CPU.Build.0 = Debug|Any CPU
		{81784E60-A371-4E53-BD19-B89A4AD8B941}.Release|Any CPU.ActiveCfg = Release|Any CPU
		{81784E60-A371-4E53-BD19-B89A4AD8B941}.Release|Any CPU.Build.0 = Release|Any CPU
	EndGlobalSection
	GlobalSection(SolutionProperties) = preSolution
		HideSolutionNode = FALSE
	EndGlobalSection
	GlobalSection(NestedProjects) = preSolution
		{4068CEF5-DAD7-43E0-B714-B4A8EF2FD775} = {F55CCC39-19AE-4CFA-8850-806A360385C7}
		{81784E60-A371-4E53-BD19-B89A4AD8B941} = {73E0327C-CCAA-48B1-A1EC-0BD72F2486E1}
	EndGlobalSection
EndGlobal
